// !$*UTF8*$!
{
	archiveVersion = 1;
	classes = {
	};
	objectVersion = 50;
	objects = {

/* Begin PBXBuildFile section */
		D80581FE68F65CAE1AD139AD /* Pods_CuboExam.framework in Frameworks */ = {isa = PBXBuildFile; fileRef = 267A6041A6E45CB688187567 /* Pods_CuboExam.framework */; };
		F6B9CD002111DCF600E7734E /* AppDelegate.swift in Sources */ = {isa = PBXBuildFile; fileRef = F6B9CCFF2111DCF600E7734E /* AppDelegate.swift */; };
		F6B9CD022111DCF600E7734E /* ViewController.swift in Sources */ = {isa = PBXBuildFile; fileRef = F6B9CD012111DCF600E7734E /* ViewController.swift */; };
		F6B9CD052111DCF600E7734E /* Main.storyboard in Resources */ = {isa = PBXBuildFile; fileRef = F6B9CD032111DCF600E7734E /* Main.storyboard */; };
		F6B9CD072111DCF700E7734E /* Assets.xcassets in Resources */ = {isa = PBXBuildFile; fileRef = F6B9CD062111DCF700E7734E /* Assets.xcassets */; };
		F6B9CD0A2111DCF700E7734E /* LaunchScreen.storyboard in Resources */ = {isa = PBXBuildFile; fileRef = F6B9CD082111DCF700E7734E /* LaunchScreen.storyboard */; };
		F6B9CD152111DCF700E7734E /* CuboExamTests.swift in Sources */ = {isa = PBXBuildFile; fileRef = F6B9CD142111DCF700E7734E /* CuboExamTests.swift */; };
		F6F6E22E2111E14D008377AB /* Timeline.swift in Sources */ = {isa = PBXBuildFile; fileRef = F6F6E22D2111E14D008377AB /* Timeline.swift */; };
		F6F6E2312111E1B5008377AB /* Api.swift in Sources */ = {isa = PBXBuildFile; fileRef = F6F6E2302111E1B5008377AB /* Api.swift */; };
		F6F6E2332111E255008377AB /* ApiResult.swift in Sources */ = {isa = PBXBuildFile; fileRef = F6F6E2322111E255008377AB /* ApiResult.swift */; };
		F6F6E2362111E9FC008377AB /* TimelineCell.swift in Sources */ = {isa = PBXBuildFile; fileRef = F6F6E2352111E9FC008377AB /* TimelineCell.swift */; };
		F6F6E2382111EA2F008377AB /* TimelineTitleView.swift in Sources */ = {isa = PBXBuildFile; fileRef = F6F6E2372111EA2F008377AB /* TimelineTitleView.swift */; };
		F6F6E23A2111EA45008377AB /* TimelineTitleView.xib in Resources */ = {isa = PBXBuildFile; fileRef = F6F6E2392111EA45008377AB /* TimelineTitleView.xib */; };
		F6F6E23C2111EB08008377AB /* Configuration.swift in Sources */ = {isa = PBXBuildFile; fileRef = F6F6E23B2111EB08008377AB /* Configuration.swift */; };
		F6F6E23E2111EBA6008377AB /* TimelineCell.xib in Resources */ = {isa = PBXBuildFile; fileRef = F6F6E23D2111EBA6008377AB /* TimelineCell.xib */; };
		F6F6E2402111ED7A008377AB /* TLParentView.swift in Sources */ = {isa = PBXBuildFile; fileRef = F6F6E23F2111ED7A008377AB /* TLParentView.swift */; };
		F6F6E2422111F368008377AB /* Timeline1View.swift in Sources */ = {isa = PBXBuildFile; fileRef = F6F6E2412111F368008377AB /* Timeline1View.swift */; };
		F6F6E2442111F373008377AB /* Timeline2View.swift in Sources */ = {isa = PBXBuildFile; fileRef = F6F6E2432111F373008377AB /* Timeline2View.swift */; };
		F6F6E2462111F393008377AB /* Timeline3View.swift in Sources */ = {isa = PBXBuildFile; fileRef = F6F6E2452111F393008377AB /* Timeline3View.swift */; };
		F6F6E2482111F399008377AB /* Timeline4View.swift in Sources */ = {isa = PBXBuildFile; fileRef = F6F6E2472111F399008377AB /* Timeline4View.swift */; };
		F6F6E24A2111F3A0008377AB /* Timeline5View.swift in Sources */ = {isa = PBXBuildFile; fileRef = F6F6E2492111F3A0008377AB /* Timeline5View.swift */; };
		F6F6E24C2111F3AC008377AB /* Timeline1View.xib in Resources */ = {isa = PBXBuildFile; fileRef = F6F6E24B2111F3AC008377AB /* Timeline1View.xib */; };
		F6F6E24E2111F3B3008377AB /* Timeline2View.xib in Resources */ = {isa = PBXBuildFile; fileRef = F6F6E24D2111F3B3008377AB /* Timeline2View.xib */; };
		F6F6E2502111F3B9008377AB /* Timeline3View.xib in Resources */ = {isa = PBXBuildFile; fileRef = F6F6E24F2111F3B9008377AB /* Timeline3View.xib */; };
		F6F6E2522111F3BF008377AB /* Timeline4View.xib in Resources */ = {isa = PBXBuildFile; fileRef = F6F6E2512111F3BF008377AB /* Timeline4View.xib */; };
		F6F6E2542111F3C6008377AB /* Timeline5View.xib in Resources */ = {isa = PBXBuildFile; fileRef = F6F6E2532111F3C6008377AB /* Timeline5View.xib */; };
		F6F6E2572111FB28008377AB /* R.generated.swift in Sources */ = {isa = PBXBuildFile; fileRef = F6F6E2562111FB28008377AB /* R.generated.swift */; };
		F6F6E25A21121EA8008377AB /* UIImageView+Async.swift in Sources */ = {isa = PBXBuildFile; fileRef = F6F6E25921121EA8008377AB /* UIImageView+Async.swift */; };
		FF09BCA5821E97582182CF78 /* Pods_CuboExamTests.framework in Frameworks */ = {isa = PBXBuildFile; fileRef = 648D00D377CAB2F547223310 /* Pods_CuboExamTests.framework */; };
/* End PBXBuildFile section */

/* Begin PBXContainerItemProxy section */
		F6B9CD112111DCF700E7734E /* PBXContainerItemProxy */ = {
			isa = PBXContainerItemProxy;
			containerPortal = F6B9CCF42111DCF600E7734E /* Project object */;
			proxyType = 1;
			remoteGlobalIDString = F6B9CCFB2111DCF600E7734E;
			remoteInfo = CuboExam;
		};
/* End PBXContainerItemProxy section */

/* Begin PBXFileReference section */
		0CA8D9C51577D237CBE16FCA /* Pods-CuboExamTests.release.xcconfig */ = {isa = PBXFileReference; includeInIndex = 1; lastKnownFileType = text.xcconfig; name = "Pods-CuboExamTests.release.xcconfig"; path = "Pods/Target Support Files/Pods-CuboExamTests/Pods-CuboExamTests.release.xcconfig"; sourceTree = "<group>"; };
		267A6041A6E45CB688187567 /* Pods_CuboExam.framework */ = {isa = PBXFileReference; explicitFileType = wrapper.framework; includeInIndex = 0; path = Pods_CuboExam.framework; sourceTree = BUILT_PRODUCTS_DIR; };
		648D00D377CAB2F547223310 /* Pods_CuboExamTests.framework */ = {isa = PBXFileReference; explicitFileType = wrapper.framework; includeInIndex = 0; path = Pods_CuboExamTests.framework; sourceTree = BUILT_PRODUCTS_DIR; };
		A65EF58023E4CCD22938DEAF /* Pods-CuboExam.debug.xcconfig */ = {isa = PBXFileReference; includeInIndex = 1; lastKnownFileType = text.xcconfig; name = "Pods-CuboExam.debug.xcconfig"; path = "Pods/Target Support Files/Pods-CuboExam/Pods-CuboExam.debug.xcconfig"; sourceTree = "<group>"; };
		BD08C1FBE986243EB028E448 /* Pods-CuboExam.release.xcconfig */ = {isa = PBXFileReference; includeInIndex = 1; lastKnownFileType = text.xcconfig; name = "Pods-CuboExam.release.xcconfig"; path = "Pods/Target Support Files/Pods-CuboExam/Pods-CuboExam.release.xcconfig"; sourceTree = "<group>"; };
		F6B9CCFC2111DCF600E7734E /* CuboExam.app */ = {isa = PBXFileReference; explicitFileType = wrapper.application; includeInIndex = 0; path = CuboExam.app; sourceTree = BUILT_PRODUCTS_DIR; };
		F6B9CCFF2111DCF600E7734E /* AppDelegate.swift */ = {isa = PBXFileReference; lastKnownFileType = sourcecode.swift; path = AppDelegate.swift; sourceTree = "<group>"; };
		F6B9CD012111DCF600E7734E /* ViewController.swift */ = {isa = PBXFileReference; lastKnownFileType = sourcecode.swift; path = ViewController.swift; sourceTree = "<group>"; };
		F6B9CD042111DCF600E7734E /* Base */ = {isa = PBXFileReference; lastKnownFileType = file.storyboard; name = Base; path = Base.lproj/Main.storyboard; sourceTree = "<group>"; };
		F6B9CD062111DCF700E7734E /* Assets.xcassets */ = {isa = PBXFileReference; lastKnownFileType = folder.assetcatalog; path = Assets.xcassets; sourceTree = "<group>"; };
		F6B9CD092111DCF700E7734E /* Base */ = {isa = PBXFileReference; lastKnownFileType = file.storyboard; name = Base; path = Base.lproj/LaunchScreen.storyboard; sourceTree = "<group>"; };
		F6B9CD0B2111DCF700E7734E /* Info.plist */ = {isa = PBXFileReference; lastKnownFileType = text.plist.xml; path = Info.plist; sourceTree = "<group>"; };
		F6B9CD102111DCF700E7734E /* CuboExamTests.xctest */ = {isa = PBXFileReference; explicitFileType = wrapper.cfbundle; includeInIndex = 0; path = CuboExamTests.xctest; sourceTree = BUILT_PRODUCTS_DIR; };
		F6B9CD142111DCF700E7734E /* CuboExamTests.swift */ = {isa = PBXFileReference; lastKnownFileType = sourcecode.swift; path = CuboExamTests.swift; sourceTree = "<group>"; };
		F6B9CD162111DCF700E7734E /* Info.plist */ = {isa = PBXFileReference; lastKnownFileType = text.plist.xml; path = Info.plist; sourceTree = "<group>"; };
		F6F6E22D2111E14D008377AB /* Timeline.swift */ = {isa = PBXFileReference; lastKnownFileType = sourcecode.swift; path = Timeline.swift; sourceTree = "<group>"; };
		F6F6E2302111E1B5008377AB /* Api.swift */ = {isa = PBXFileReference; lastKnownFileType = sourcecode.swift; path = Api.swift; sourceTree = "<group>"; };
		F6F6E2322111E255008377AB /* ApiResult.swift */ = {isa = PBXFileReference; lastKnownFileType = sourcecode.swift; path = ApiResult.swift; sourceTree = "<group>"; };
		F6F6E2352111E9FC008377AB /* TimelineCell.swift */ = {isa = PBXFileReference; lastKnownFileType = sourcecode.swift; path = TimelineCell.swift; sourceTree = "<group>"; };
		F6F6E2372111EA2F008377AB /* TimelineTitleView.swift */ = {isa = PBXFileReference; lastKnownFileType = sourcecode.swift; path = TimelineTitleView.swift; sourceTree = "<group>"; };
		F6F6E2392111EA45008377AB /* TimelineTitleView.xib */ = {isa = PBXFileReference; lastKnownFileType = file.xib; path = TimelineTitleView.xib; sourceTree = "<group>"; };
		F6F6E23B2111EB08008377AB /* Configuration.swift */ = {isa = PBXFileReference; lastKnownFileType = sourcecode.swift; path = Configuration.swift; sourceTree = "<group>"; };
		F6F6E23D2111EBA6008377AB /* TimelineCell.xib */ = {isa = PBXFileReference; lastKnownFileType = file.xib; path = TimelineCell.xib; sourceTree = "<group>"; };
		F6F6E23F2111ED7A008377AB /* TLParentView.swift */ = {isa = PBXFileReference; lastKnownFileType = sourcecode.swift; path = TLParentView.swift; sourceTree = "<group>"; };
		F6F6E2412111F368008377AB /* Timeline1View.swift */ = {isa = PBXFileReference; lastKnownFileType = sourcecode.swift; path = Timeline1View.swift; sourceTree = "<group>"; };
		F6F6E2432111F373008377AB /* Timeline2View.swift */ = {isa = PBXFileReference; lastKnownFileType = sourcecode.swift; path = Timeline2View.swift; sourceTree = "<group>"; };
		F6F6E2452111F393008377AB /* Timeline3View.swift */ = {isa = PBXFileReference; lastKnownFileType = sourcecode.swift; path = Timeline3View.swift; sourceTree = "<group>"; };
		F6F6E2472111F399008377AB /* Timeline4View.swift */ = {isa = PBXFileReference; lastKnownFileType = sourcecode.swift; path = Timeline4View.swift; sourceTree = "<group>"; };
		F6F6E2492111F3A0008377AB /* Timeline5View.swift */ = {isa = PBXFileReference; lastKnownFileType = sourcecode.swift; path = Timeline5View.swift; sourceTree = "<group>"; };
		F6F6E24B2111F3AC008377AB /* Timeline1View.xib */ = {isa = PBXFileReference; lastKnownFileType = file.xib; path = Timeline1View.xib; sourceTree = "<group>"; };
		F6F6E24D2111F3B3008377AB /* Timeline2View.xib */ = {isa = PBXFileReference; lastKnownFileType = file.xib; path = Timeline2View.xib; sourceTree = "<group>"; };
		F6F6E24F2111F3B9008377AB /* Timeline3View.xib */ = {isa = PBXFileReference; lastKnownFileType = file.xib; path = Timeline3View.xib; sourceTree = "<group>"; };
		F6F6E2512111F3BF008377AB /* Timeline4View.xib */ = {isa = PBXFileReference; lastKnownFileType = file.xib; path = Timeline4View.xib; sourceTree = "<group>"; };
		F6F6E2532111F3C6008377AB /* Timeline5View.xib */ = {isa = PBXFileReference; lastKnownFileType = file.xib; path = Timeline5View.xib; sourceTree = "<group>"; };
		F6F6E2562111FB28008377AB /* R.generated.swift */ = {isa = PBXFileReference; fileEncoding = 4; lastKnownFileType = sourcecode.swift; path = R.generated.swift; sourceTree = SOURCE_ROOT; };
		F6F6E25921121EA8008377AB /* UIImageView+Async.swift */ = {isa = PBXFileReference; lastKnownFileType = sourcecode.swift; path = "UIImageView+Async.swift"; sourceTree = "<group>"; };
		FFAD39B8FF23830D2349A55C /* Pods-CuboExamTests.debug.xcconfig */ = {isa = PBXFileReference; includeInIndex = 1; lastKnownFileType = text.xcconfig; name = "Pods-CuboExamTests.debug.xcconfig"; path = "Pods/Target Support Files/Pods-CuboExamTests/Pods-CuboExamTests.debug.xcconfig"; sourceTree = "<group>"; };
/* End PBXFileReference section */

/* Begin PBXFrameworksBuildPhase section */
		F6B9CCF92111DCF600E7734E /* Frameworks */ = {
			isa = PBXFrameworksBuildPhase;
			buildActionMask = 2147483647;
			files = (
				D80581FE68F65CAE1AD139AD /* Pods_CuboExam.framework in Frameworks */,
			);
			runOnlyForDeploymentPostprocessing = 0;
		};
		F6B9CD0D2111DCF700E7734E /* Frameworks */ = {
			isa = PBXFrameworksBuildPhase;
			buildActionMask = 2147483647;
			files = (
				FF09BCA5821E97582182CF78 /* Pods_CuboExamTests.framework in Frameworks */,
			);
			runOnlyForDeploymentPostprocessing = 0;
		};
/* End PBXFrameworksBuildPhase section */

/* Begin PBXGroup section */
		13E290130F780A767A1C0671 /* Frameworks */ = {
			isa = PBXGroup;
			children = (
				267A6041A6E45CB688187567 /* Pods_CuboExam.framework */,
				648D00D377CAB2F547223310 /* Pods_CuboExamTests.framework */,
			);
			name = Frameworks;
			sourceTree = "<group>";
		};
		5057211B658C628FCCFDF386 /* Pods */ = {
			isa = PBXGroup;
			children = (
				A65EF58023E4CCD22938DEAF /* Pods-CuboExam.debug.xcconfig */,
				BD08C1FBE986243EB028E448 /* Pods-CuboExam.release.xcconfig */,
				FFAD39B8FF23830D2349A55C /* Pods-CuboExamTests.debug.xcconfig */,
				0CA8D9C51577D237CBE16FCA /* Pods-CuboExamTests.release.xcconfig */,
			);
			name = Pods;
			sourceTree = "<group>";
		};
		F6B9CCF32111DCF600E7734E = {
			isa = PBXGroup;
			children = (
				F6B9CCFE2111DCF600E7734E /* CuboExam */,
				F6B9CD132111DCF700E7734E /* CuboExamTests */,
				F6B9CCFD2111DCF600E7734E /* Products */,
				5057211B658C628FCCFDF386 /* Pods */,
				13E290130F780A767A1C0671 /* Frameworks */,
			);
			sourceTree = "<group>";
		};
		F6B9CCFD2111DCF600E7734E /* Products */ = {
			isa = PBXGroup;
			children = (
				F6B9CCFC2111DCF600E7734E /* CuboExam.app */,
				F6B9CD102111DCF700E7734E /* CuboExamTests.xctest */,
			);
			name = Products;
			sourceTree = "<group>";
		};
		F6B9CCFE2111DCF600E7734E /* CuboExam */ = {
			isa = PBXGroup;
			children = (
				F6B9CCFF2111DCF600E7734E /* AppDelegate.swift */,
				F6F6E2562111FB28008377AB /* R.generated.swift */,
				F6F6E23B2111EB08008377AB /* Configuration.swift */,
				F6F6E25821121E92008377AB /* Extension */,
				F6F6E22F2111E1A6008377AB /* API */,
				F6F6E22A2111E11E008377AB /* Model */,
				F6F6E22B2111E125008377AB /* View */,
				F6F6E22C2111E135008377AB /* Controller */,
				F6B9CD032111DCF600E7734E /* Main.storyboard */,
				F6B9CD062111DCF700E7734E /* Assets.xcassets */,
				F6B9CD082111DCF700E7734E /* LaunchScreen.storyboard */,
				F6B9CD0B2111DCF700E7734E /* Info.plist */,
			);
			path = CuboExam;
			sourceTree = "<group>";
		};
		F6B9CD132111DCF700E7734E /* CuboExamTests */ = {
			isa = PBXGroup;
			children = (
				F6B9CD142111DCF700E7734E /* CuboExamTests.swift */,
				F6B9CD162111DCF700E7734E /* Info.plist */,
			);
			path = CuboExamTests;
			sourceTree = "<group>";
		};
		F6F6E22A2111E11E008377AB /* Model */ = {
			isa = PBXGroup;
			children = (
				F6F6E22D2111E14D008377AB /* Timeline.swift */,
				F6F6E2322111E255008377AB /* ApiResult.swift */,
			);
			path = Model;
			sourceTree = "<group>";
		};
		F6F6E22B2111E125008377AB /* View */ = {
			isa = PBXGroup;
			children = (
				F6F6E2352111E9FC008377AB /* TimelineCell.swift */,
				F6F6E23D2111EBA6008377AB /* TimelineCell.xib */,
				F6F6E2372111EA2F008377AB /* TimelineTitleView.swift */,
				F6F6E2392111EA45008377AB /* TimelineTitleView.xib */,
				F6F6E23F2111ED7A008377AB /* TLParentView.swift */,
				F6F6E2412111F368008377AB /* Timeline1View.swift */,
				F6F6E24B2111F3AC008377AB /* Timeline1View.xib */,
				F6F6E2432111F373008377AB /* Timeline2View.swift */,
				F6F6E24D2111F3B3008377AB /* Timeline2View.xib */,
				F6F6E2452111F393008377AB /* Timeline3View.swift */,
				F6F6E24F2111F3B9008377AB /* Timeline3View.xib */,
				F6F6E2472111F399008377AB /* Timeline4View.swift */,
				F6F6E2512111F3BF008377AB /* Timeline4View.xib */,
				F6F6E2492111F3A0008377AB /* Timeline5View.swift */,
				F6F6E2532111F3C6008377AB /* Timeline5View.xib */,
			);
			path = View;
			sourceTree = "<group>";
		};
		F6F6E22C2111E135008377AB /* Controller */ = {
			isa = PBXGroup;
			children = (
				F6B9CD012111DCF600E7734E /* ViewController.swift */,
			);
			path = Controller;
			sourceTree = "<group>";
		};
		F6F6E22F2111E1A6008377AB /* API */ = {
			isa = PBXGroup;
			children = (
				F6F6E2302111E1B5008377AB /* Api.swift */,
			);
			path = API;
			sourceTree = "<group>";
		};
		F6F6E25821121E92008377AB /* Extension */ = {
			isa = PBXGroup;
			children = (
				F6F6E25921121EA8008377AB /* UIImageView+Async.swift */,
			);
			path = Extension;
			sourceTree = "<group>";
		};
/* End PBXGroup section */

/* Begin PBXNativeTarget section */
		F6B9CCFB2111DCF600E7734E /* CuboExam */ = {
			isa = PBXNativeTarget;
			buildConfigurationList = F6B9CD192111DCF700E7734E /* Build configuration list for PBXNativeTarget "CuboExam" */;
			buildPhases = (
				49517C7F3DED4EA04DDFF400 /* [CP] Check Pods Manifest.lock */,
				F6F6E2552111FACE008377AB /* R.swift */,
				F6B9CCF82111DCF600E7734E /* Sources */,
				F6B9CCF92111DCF600E7734E /* Frameworks */,
				F6B9CCFA2111DCF600E7734E /* Resources */,
				FFDA1D24C21D5CF04D3834DA /* [CP] Embed Pods Frameworks */,
			);
			buildRules = (
			);
			dependencies = (
			);
			name = CuboExam;
			productName = CuboExam;
			productReference = F6B9CCFC2111DCF600E7734E /* CuboExam.app */;
			productType = "com.apple.product-type.application";
		};
		F6B9CD0F2111DCF700E7734E /* CuboExamTests */ = {
			isa = PBXNativeTarget;
			buildConfigurationList = F6B9CD1C2111DCF700E7734E /* Build configuration list for PBXNativeTarget "CuboExamTests" */;
			buildPhases = (
				64D7C2A93CBB95BC8A51B1BF /* [CP] Check Pods Manifest.lock */,
				F6B9CD0C2111DCF700E7734E /* Sources */,
				F6B9CD0D2111DCF700E7734E /* Frameworks */,
				F6B9CD0E2111DCF700E7734E /* Resources */,
			);
			buildRules = (
			);
			dependencies = (
				F6B9CD122111DCF700E7734E /* PBXTargetDependency */,
			);
			name = CuboExamTests;
			productName = CuboExamTests;
			productReference = F6B9CD102111DCF700E7734E /* CuboExamTests.xctest */;
			productType = "com.apple.product-type.bundle.unit-test";
		};
/* End PBXNativeTarget section */

/* Begin PBXProject section */
		F6B9CCF42111DCF600E7734E /* Project object */ = {
			isa = PBXProject;
			attributes = {
				LastSwiftUpdateCheck = 0940;
				LastUpgradeCheck = 0940;
				ORGANIZATIONNAME = "Stan Liu";
				TargetAttributes = {
					F6B9CCFB2111DCF600E7734E = {
						CreatedOnToolsVersion = 9.4.1;
					};
					F6B9CD0F2111DCF700E7734E = {
						CreatedOnToolsVersion = 9.4.1;
						TestTargetID = F6B9CCFB2111DCF600E7734E;
					};
				};
			};
			buildConfigurationList = F6B9CCF72111DCF600E7734E /* Build configuration list for PBXProject "CuboExam" */;
			compatibilityVersion = "Xcode 9.3";
			developmentRegion = en;
			hasScannedForEncodings = 0;
			knownRegions = (
				en,
				Base,
			);
			mainGroup = F6B9CCF32111DCF600E7734E;
			productRefGroup = F6B9CCFD2111DCF600E7734E /* Products */;
			projectDirPath = "";
			projectRoot = "";
			targets = (
				F6B9CCFB2111DCF600E7734E /* CuboExam */,
				F6B9CD0F2111DCF700E7734E /* CuboExamTests */,
			);
		};
/* End PBXProject section */

/* Begin PBXResourcesBuildPhase section */
		F6B9CCFA2111DCF600E7734E /* Resources */ = {
			isa = PBXResourcesBuildPhase;
			buildActionMask = 2147483647;
			files = (
				F6F6E2522111F3BF008377AB /* Timeline4View.xib in Resources */,
				F6B9CD0A2111DCF700E7734E /* LaunchScreen.storyboard in Resources */,
				F6F6E24E2111F3B3008377AB /* Timeline2View.xib in Resources */,
				F6F6E24C2111F3AC008377AB /* Timeline1View.xib in Resources */,
				F6B9CD072111DCF700E7734E /* Assets.xcassets in Resources */,
				F6F6E23E2111EBA6008377AB /* TimelineCell.xib in Resources */,
				F6F6E23A2111EA45008377AB /* TimelineTitleView.xib in Resources */,
				F6B9CD052111DCF600E7734E /* Main.storyboard in Resources */,
				F6F6E2502111F3B9008377AB /* Timeline3View.xib in Resources */,
				F6F6E2542111F3C6008377AB /* Timeline5View.xib in Resources */,
			);
			runOnlyForDeploymentPostprocessing = 0;
		};
		F6B9CD0E2111DCF700E7734E /* Resources */ = {
			isa = PBXResourcesBuildPhase;
			buildActionMask = 2147483647;
			files = (
			);
			runOnlyForDeploymentPostprocessing = 0;
		};
/* End PBXResourcesBuildPhase section */

/* Begin PBXShellScriptBuildPhase section */
		49517C7F3DED4EA04DDFF400 /* [CP] Check Pods Manifest.lock */ = {
			isa = PBXShellScriptBuildPhase;
			buildActionMask = 2147483647;
			files = (
			);
			inputPaths = (
				"${PODS_PODFILE_DIR_PATH}/Podfile.lock",
				"${PODS_ROOT}/Manifest.lock",
			);
			name = "[CP] Check Pods Manifest.lock";
			outputPaths = (
				"$(DERIVED_FILE_DIR)/Pods-CuboExam-checkManifestLockResult.txt",
			);
			runOnlyForDeploymentPostprocessing = 0;
			shellPath = /bin/sh;
			shellScript = "diff \"${PODS_PODFILE_DIR_PATH}/Podfile.lock\" \"${PODS_ROOT}/Manifest.lock\" > /dev/null\nif [ $? != 0 ] ; then\n    # print error to STDERR\n    echo \"error: The sandbox is not in sync with the Podfile.lock. Run 'pod install' or update your CocoaPods installation.\" >&2\n    exit 1\nfi\n# This output is used by Xcode 'outputs' to avoid re-running this script phase.\necho \"SUCCESS\" > \"${SCRIPT_OUTPUT_FILE_0}\"\n";
			showEnvVarsInLog = 0;
		};
		64D7C2A93CBB95BC8A51B1BF /* [CP] Check Pods Manifest.lock */ = {
			isa = PBXShellScriptBuildPhase;
			buildActionMask = 2147483647;
			files = (
			);
			inputPaths = (
				"${PODS_PODFILE_DIR_PATH}/Podfile.lock",
				"${PODS_ROOT}/Manifest.lock",
			);
			name = "[CP] Check Pods Manifest.lock";
			outputPaths = (
				"$(DERIVED_FILE_DIR)/Pods-CuboExamTests-checkManifestLockResult.txt",
			);
			runOnlyForDeploymentPostprocessing = 0;
			shellPath = /bin/sh;
			shellScript = "diff \"${PODS_PODFILE_DIR_PATH}/Podfile.lock\" \"${PODS_ROOT}/Manifest.lock\" > /dev/null\nif [ $? != 0 ] ; then\n    # print error to STDERR\n    echo \"error: The sandbox is not in sync with the Podfile.lock. Run 'pod install' or update your CocoaPods installation.\" >&2\n    exit 1\nfi\n# This output is used by Xcode 'outputs' to avoid re-running this script phase.\necho \"SUCCESS\" > \"${SCRIPT_OUTPUT_FILE_0}\"\n";
			showEnvVarsInLog = 0;
		};
		F6F6E2552111FACE008377AB /* R.swift */ = {
			isa = PBXShellScriptBuildPhase;
			buildActionMask = 2147483647;
			files = (
			);
			inputPaths = (
			);
			name = R.swift;
			outputPaths = (
				"$(DERIVED_FILE_DIR)/myfile",
			);
			runOnlyForDeploymentPostprocessing = 0;
			shellPath = /bin/sh;
			shellScript = "\"$PODS_ROOT/R.swift/rswift\" generate \"$SRCROOT\"";
		};
		FFDA1D24C21D5CF04D3834DA /* [CP] Embed Pods Frameworks */ = {
			isa = PBXShellScriptBuildPhase;
			buildActionMask = 2147483647;
			files = (
			);
			inputPaths = (
				"${SRCROOT}/Pods/Target Support Files/Pods-CuboExam/Pods-CuboExam-frameworks.sh",
				"${BUILT_PRODUCTS_DIR}/Alamofire/Alamofire.framework",
				"${BUILT_PRODUCTS_DIR}/Kingfisher/Kingfisher.framework",
				"${BUILT_PRODUCTS_DIR}/R.swift.Library/Rswift.framework",
				"${BUILT_PRODUCTS_DIR}/SnapKit/SnapKit.framework",
				"${BUILT_PRODUCTS_DIR}/SwiftyJSON/SwiftyJSON.framework",
			);
			name = "[CP] Embed Pods Frameworks";
			outputPaths = (
				"${TARGET_BUILD_DIR}/${FRAMEWORKS_FOLDER_PATH}/Alamofire.framework",
				"${TARGET_BUILD_DIR}/${FRAMEWORKS_FOLDER_PATH}/Kingfisher.framework",
				"${TARGET_BUILD_DIR}/${FRAMEWORKS_FOLDER_PATH}/Rswift.framework",
				"${TARGET_BUILD_DIR}/${FRAMEWORKS_FOLDER_PATH}/SnapKit.framework",
				"${TARGET_BUILD_DIR}/${FRAMEWORKS_FOLDER_PATH}/SwiftyJSON.framework",
			);
			runOnlyForDeploymentPostprocessing = 0;
			shellPath = /bin/sh;
			shellScript = "\"${SRCROOT}/Pods/Target Support Files/Pods-CuboExam/Pods-CuboExam-frameworks.sh\"\n";
			showEnvVarsInLog = 0;
		};
/* End PBXShellScriptBuildPhase section */

/* Begin PBXSourcesBuildPhase section */
		F6B9CCF82111DCF600E7734E /* Sources */ = {
			isa = PBXSourcesBuildPhase;
			buildActionMask = 2147483647;
			files = (
				F6F6E2362111E9FC008377AB /* TimelineCell.swift in Sources */,
				F6F6E2382111EA2F008377AB /* TimelineTitleView.swift in Sources */,
				F6F6E2572111FB28008377AB /* R.generated.swift in Sources */,
				F6F6E22E2111E14D008377AB /* Timeline.swift in Sources */,
				F6F6E2462111F393008377AB /* Timeline3View.swift in Sources */,
				F6B9CD022111DCF600E7734E /* ViewController.swift in Sources */,
				F6F6E2332111E255008377AB /* ApiResult.swift in Sources */,
				F6F6E25A21121EA8008377AB /* UIImageView+Async.swift in Sources */,
				F6F6E2422111F368008377AB /* Timeline1View.swift in Sources */,
				F6F6E2312111E1B5008377AB /* Api.swift in Sources */,
				F6F6E23C2111EB08008377AB /* Configuration.swift in Sources */,
				F6F6E2402111ED7A008377AB /* TLParentView.swift in Sources */,
				F6F6E2482111F399008377AB /* Timeline4View.swift in Sources */,
				F6F6E24A2111F3A0008377AB /* Timeline5View.swift in Sources */,
				F6B9CD002111DCF600E7734E /* AppDelegate.swift in Sources */,
				F6F6E2442111F373008377AB /* Timeline2View.swift in Sources */,
			);
			runOnlyForDeploymentPostprocessing = 0;
		};
		F6B9CD0C2111DCF700E7734E /* Sources */ = {
			isa = PBXSourcesBuildPhase;
			buildActionMask = 2147483647;
			files = (
				F6B9CD152111DCF700E7734E /* CuboExamTests.swift in Sources */,
			);
			runOnlyForDeploymentPostprocessing = 0;
		};
/* End PBXSourcesBuildPhase section */

/* Begin PBXTargetDependency section */
		F6B9CD122111DCF700E7734E /* PBXTargetDependency */ = {
			isa = PBXTargetDependency;
			target = F6B9CCFB2111DCF600E7734E /* CuboExam */;
			targetProxy = F6B9CD112111DCF700E7734E /* PBXContainerItemProxy */;
		};
/* End PBXTargetDependency section */

/* Begin PBXVariantGroup section */
		F6B9CD032111DCF600E7734E /* Main.storyboard */ = {
			isa = PBXVariantGroup;
			children = (
				F6B9CD042111DCF600E7734E /* Base */,
			);
			name = Main.storyboard;
			sourceTree = "<group>";
		};
		F6B9CD082111DCF700E7734E /* LaunchScreen.storyboard */ = {
			isa = PBXVariantGroup;
			children = (
				F6B9CD092111DCF700E7734E /* Base */,
			);
			name = LaunchScreen.storyboard;
			sourceTree = "<group>";
		};
/* End PBXVariantGroup section */

/* Begin XCBuildConfiguration section */
		F6B9CD172111DCF700E7734E /* Debug */ = {
			isa = XCBuildConfiguration;
			buildSettings = {
				ALWAYS_SEARCH_USER_PATHS = NO;
				CLANG_ANALYZER_NONNULL = YES;
				CLANG_ANALYZER_NUMBER_OBJECT_CONVERSION = YES_AGGRESSIVE;
				CLANG_CXX_LANGUAGE_STANDARD = "gnu++14";
				CLANG_CXX_LIBRARY = "libc++";
				CLANG_ENABLE_MODULES = YES;
				CLANG_ENABLE_OBJC_ARC = YES;
				CLANG_ENABLE_OBJC_WEAK = YES;
				CLANG_WARN_BLOCK_CAPTURE_AUTORELEASING = YES;
				CLANG_WARN_BOOL_CONVERSION = YES;
				CLANG_WARN_COMMA = YES;
				CLANG_WARN_CONSTANT_CONVERSION = YES;
				CLANG_WARN_DEPRECATED_OBJC_IMPLEMENTATIONS = YES;
				CLANG_WARN_DIRECT_OBJC_ISA_USAGE = YES_ERROR;
				CLANG_WARN_DOCUMENTATION_COMMENTS = YES;
				CLANG_WARN_EMPTY_BODY = YES;
				CLANG_WARN_ENUM_CONVERSION = YES;
				CLANG_WARN_INFINITE_RECURSION = YES;
				CLANG_WARN_INT_CONVERSION = YES;
				CLANG_WARN_NON_LITERAL_NULL_CONVERSION = YES;
				CLANG_WARN_OBJC_IMPLICIT_RETAIN_SELF = YES;
				CLANG_WARN_OBJC_LITERAL_CONVERSION = YES;
				CLANG_WARN_OBJC_ROOT_CLASS = YES_ERROR;
				CLANG_WARN_RANGE_LOOP_ANALYSIS = YES;
				CLANG_WARN_STRICT_PROTOTYPES = YES;
				CLANG_WARN_SUSPICIOUS_MOVE = YES;
				CLANG_WARN_UNGUARDED_AVAILABILITY = YES_AGGRESSIVE;
				CLANG_WARN_UNREACHABLE_CODE = YES;
				CLANG_WARN__DUPLICATE_METHOD_MATCH = YES;
				CODE_SIGN_IDENTITY = "iPhone Developer";
				COPY_PHASE_STRIP = NO;
				DEBUG_INFORMATION_FORMAT = dwarf;
				ENABLE_STRICT_OBJC_MSGSEND = YES;
				ENABLE_TESTABILITY = YES;
				GCC_C_LANGUAGE_STANDARD = gnu11;
				GCC_DYNAMIC_NO_PIC = NO;
				GCC_NO_COMMON_BLOCKS = YES;
				GCC_OPTIMIZATION_LEVEL = 0;
				GCC_PREPROCESSOR_DEFINITIONS = (
					"DEBUG=1",
					"$(inherited)",
				);
				GCC_WARN_64_TO_32_BIT_CONVERSION = YES;
				GCC_WARN_ABOUT_RETURN_TYPE = YES_ERROR;
				GCC_WARN_UNDECLARED_SELECTOR = YES;
				GCC_WARN_UNINITIALIZED_AUTOS = YES_AGGRESSIVE;
				GCC_WARN_UNUSED_FUNCTION = YES;
				GCC_WARN_UNUSED_VARIABLE = YES;
				IPHONEOS_DEPLOYMENT_TARGET = 11.4;
				MTL_ENABLE_DEBUG_INFO = YES;
				ONLY_ACTIVE_ARCH = YES;
				SDKROOT = iphoneos;
				SWIFT_ACTIVE_COMPILATION_CONDITIONS = DEBUG;
				SWIFT_OPTIMIZATION_LEVEL = "-Onone";
			};
			name = Debug;
		};
		F6B9CD182111DCF700E7734E /* Release */ = {
			isa = XCBuildConfiguration;
			buildSettings = {
				ALWAYS_SEARCH_USER_PATHS = NO;
				CLANG_ANALYZER_NONNULL = YES;
				CLANG_ANALYZER_NUMBER_OBJECT_CONVERSION = YES_AGGRESSIVE;
				CLANG_CXX_LANGUAGE_STANDARD = "gnu++14";
				CLANG_CXX_LIBRARY = "libc++";
				CLANG_ENABLE_MODULES = YES;
				CLANG_ENABLE_OBJC_ARC = YES;
				CLANG_ENABLE_OBJC_WEAK = YES;
				CLANG_WARN_BLOCK_CAPTURE_AUTORELEASING = YES;
				CLANG_WARN_BOOL_CONVERSION = YES;
				CLANG_WARN_COMMA = YES;
				CLANG_WARN_CONSTANT_CONVERSION = YES;
				CLANG_WARN_DEPRECATED_OBJC_IMPLEMENTATIONS = YES;
				CLANG_WARN_DIRECT_OBJC_ISA_USAGE = YES_ERROR;
				CLANG_WARN_DOCUMENTATION_COMMENTS = YES;
				CLANG_WARN_EMPTY_BODY = YES;
				CLANG_WARN_ENUM_CONVERSION = YES;
				CLANG_WARN_INFINITE_RECURSION = YES;
				CLANG_WARN_INT_CONVERSION = YES;
				CLANG_WARN_NON_LITERAL_NULL_CONVERSION = YES;
				CLANG_WARN_OBJC_IMPLICIT_RETAIN_SELF = YES;
				CLANG_WARN_OBJC_LITERAL_CONVERSION = YES;
				CLANG_WARN_OBJC_ROOT_CLASS = YES_ERROR;
				CLANG_WARN_RANGE_LOOP_ANALYSIS = YES;
				CLANG_WARN_STRICT_PROTOTYPES = YES;
				CLANG_WARN_SUSPICIOUS_MOVE = YES;
				CLANG_WARN_UNGUARDED_AVAILABILITY = YES_AGGRESSIVE;
				CLANG_WARN_UNREACHABLE_CODE = YES;
				CLANG_WARN__DUPLICATE_METHOD_MATCH = YES;
				CODE_SIGN_IDENTITY = "iPhone Developer";
				COPY_PHASE_STRIP = NO;
				DEBUG_INFORMATION_FORMAT = "dwarf-with-dsym";
				ENABLE_NS_ASSERTIONS = NO;
				ENABLE_STRICT_OBJC_MSGSEND = YES;
				GCC_C_LANGUAGE_STANDARD = gnu11;
				GCC_NO_COMMON_BLOCKS = YES;
				GCC_WARN_64_TO_32_BIT_CONVERSION = YES;
				GCC_WARN_ABOUT_RETURN_TYPE = YES_ERROR;
				GCC_WARN_UNDECLARED_SELECTOR = YES;
				GCC_WARN_UNINITIALIZED_AUTOS = YES_AGGRESSIVE;
				GCC_WARN_UNUSED_FUNCTION = YES;
				GCC_WARN_UNUSED_VARIABLE = YES;
				IPHONEOS_DEPLOYMENT_TARGET = 11.4;
				MTL_ENABLE_DEBUG_INFO = NO;
				SDKROOT = iphoneos;
				SWIFT_COMPILATION_MODE = wholemodule;
				SWIFT_OPTIMIZATION_LEVEL = "-O";
				VALIDATE_PRODUCT = YES;
			};
			name = Release;
		};
		F6B9CD1A2111DCF700E7734E /* Debug */ = {
			isa = XCBuildConfiguration;
			baseConfigurationReference = A65EF58023E4CCD22938DEAF /* Pods-CuboExam.debug.xcconfig */;
			buildSettings = {
				ASSETCATALOG_COMPILER_APPICON_NAME = AppIcon;
				CODE_SIGN_STYLE = Automatic;
				DEVELOPMENT_TEAM = 29DN3FMVP9;
				INFOPLIST_FILE = CuboExam/Info.plist;
				IPHONEOS_DEPLOYMENT_TARGET = 9.0;
				LD_RUNPATH_SEARCH_PATHS = (
					"$(inherited)",
					"@executable_path/Frameworks",
				);
				PRODUCT_BUNDLE_IDENTIFIER = com.stan.CuboExam;
				PRODUCT_NAME = "$(TARGET_NAME)";
				SWIFT_VERSION = 4.0;
				TARGETED_DEVICE_FAMILY = "1,2";
			};
			name = Debug;
		};
		F6B9CD1B2111DCF700E7734E /* Release */ = {
			isa = XCBuildConfiguration;
			baseConfigurationReference = BD08C1FBE986243EB028E448 /* Pods-CuboExam.release.xcconfig */;
			buildSettings = {
				ASSETCATALOG_COMPILER_APPICON_NAME = AppIcon;
				CODE_SIGN_STYLE = Automatic;
				DEVELOPMENT_TEAM = 29DN3FMVP9;
				INFOPLIST_FILE = CuboExam/Info.plist;
				IPHONEOS_DEPLOYMENT_TARGET = 9.0;
				LD_RUNPATH_SEARCH_PATHS = (
					"$(inherited)",
					"@executable_path/Frameworks",
				);
				PRODUCT_BUNDLE_IDENTIFIER = com.stan.CuboExam;
				PRODUCT_NAME = "$(TARGET_NAME)";
				SWIFT_VERSION = 4.0;
				TARGETED_DEVICE_FAMILY = "1,2";
			};
			name = Release;
		};
		F6B9CD1D2111DCF700E7734E /* Debug */ = {
			isa = XCBuildConfiguration;
			baseConfigurationReference = FFAD39B8FF23830D2349A55C /* Pods-CuboExamTests.debug.xcconfig */;
			buildSettings = {
				ALWAYS_EMBED_SWIFT_STANDARD_LIBRARIES = YES;
				BUNDLE_LOADER = "$(TEST_HOST)";
				CODE_SIGN_STYLE = Automatic;
				DEVELOPMENT_TEAM = 29DN3FMVP9;
				INFOPLIST_FILE = CuboExamTests/Info.plist;
				LD_RUNPATH_SEARCH_PATHS = (
					"$(inherited)",
					"@executable_path/Frameworks",
					"@loader_path/Frameworks",
				);
				PRODUCT_BUNDLE_IDENTIFIER = com.stan.CuboExamTests;
				PRODUCT_NAME = "$(TARGET_NAME)";
				SWIFT_VERSION = 4.0;
				TARGETED_DEVICE_FAMILY = "1,2";
				TEST_HOST = "$(BUILT_PRODUCTS_DIR)/CuboExam.app/CuboExam";
			};
			name = Debug;
		};
		F6B9CD1E2111DCF700E7734E /* Release */ = {
			isa = XCBuildConfiguration;
			baseConfigurationReference = 0CA8D9C51577D237CBE16FCA /* Pods-CuboExamTests.release.xcconfig */;
			buildSettings = {
				ALWAYS_EMBED_SWIFT_STANDARD_LIBRARIES = YES;
				BUNDLE_LOADER = "$(TEST_HOST)";
				CODE_SIGN_STYLE = Automatic;
				DEVELOPMENT_TEAM = 29DN3FMVP9;
				INFOPLIST_FILE = CuboExamTests/Info.plist;
				LD_RUNPATH_SEARCH_PATHS = (
					"$(inherited)",
					"@executable_path/Frameworks",
					"@loader_path/Frameworks",
				);
				PRODUCT_BUNDLE_IDENTIFIER = com.stan.CuboExamTests;
				PRODUCT_NAME = "$(TARGET_NAME)";
				SWIFT_VERSION = 4.0;
				TARGETED_DEVICE_FAMILY = "1,2";
				TEST_HOST = "$(BUILT_PRODUCTS_DIR)/CuboExam.app/CuboExam";
			};
			name = Release;
		};
/* End XCBuildConfiguration section */

/* Begin XCConfigurationList section */
		F6B9CCF72111DCF600E7734E /* Build configuration list for PBXProject "CuboExam" */ = {
			isa = XCConfigurationList;
			buildConfigurations = (
				F6B9CD172111DCF700E7734E /* Debug */,
				F6B9CD182111DCF700E7734E /* Release */,
			);
			defaultConfigurationIsVisible = 0;
			defaultConfigurationName = Release;
		};
		F6B9CD192111DCF700E7734E /* Build configuration list for PBXNativeTarget "CuboExam" */ = {
			isa = XCConfigurationList;
			buildConfigurations = (
				F6B9CD1A2111DCF700E7734E /* Debug */,
				F6B9CD1B2111DCF700E7734E /* Release */,
			);
			defaultConfigurationIsVisible = 0;
			defaultConfigurationName = Release;
		};
		F6B9CD1C2111DCF700E7734E /* Build configuration list for PBXNativeTarget "CuboExamTests" */ = {
			isa = XCConfigurationList;
			buildConfigurations = (
				F6B9CD1D2111DCF700E7734E /* Debug */,
				F6B9CD1E2111DCF700E7734E /* Release */,
			);
			defaultConfigurationIsVisible = 0;
			defaultConfigurationName = Release;
		};
/* End XCConfigurationList section */
	};
	rootObject = F6B9CCF42111DCF600E7734E /* Project object */;
}
